
Microsoft Visual Studio Solution File, Format Version 12.00
# Visual Studio 15
VisualStudioVersion = 15.0.27004.2005
MinimumVisualStudioVersion = 10.0.40219.1
Project("{9A19103F-16F7-4668-BE54-9A1E7A4F7556}") = "Richev.NaiveDiff.Core", "Richev.NaiveDiff.Core\Richev.NaiveDiff.Core.csproj", "{CDC6D2B1-0228-4F3F-972C-7F99237AD68E}"
EndProject
Project("{9A19103F-16F7-4668-BE54-9A1E7A4F7556}") = "Richev.NaiveDiff.Core.Tests", "Richev.NaiveDiff.Core.Tests\Richev.NaiveDiff.Core.Tests.csproj", "{A03B2B52-4CC7-463C-AA92-4F45EB8BEB8E}"
EndProject
Global
	GlobalSection(SolutionConfigurationPlatforms) = preSolution
		Debug|Any CPU = Debug|Any CPU
		Release|Any CPU = Release|Any CPU
	EndGlobalSection
	GlobalSection(ProjectConfigurationPlatforms) = postSolution
		{CDC6D2B1-0228-4F3F-972C-7F99237AD68E}.Debug|Any CPU.ActiveCfg = Debug|Any CPU
		{CDC6D2B1-0228-4F3F-972C-7F99237AD68E}.Debug|Any CPU.Build.0 = Debug|Any CPU
		{CDC6D2B1-0228-4F3F-972C-7F99237AD68E}.Release|Any CPU.ActiveCfg = Release|Any CPU
		{CDC6D2B1-0228-4F3F-972C-7F99237AD68E}.Release|Any CPU.Build.0 = Release|Any CPU
		{A03B2B52-4CC7-463C-AA92-4F45EB8BEB8E}.Debug|Any CPU.ActiveCfg = Debug|Any CPU
		{A03B2B52-4CC7-463C-AA92-4F45EB8BEB8E}.Debug|Any CPU.Build.0 = Debug|Any CPU
		{A03B2B52-4CC7-463C-AA92-4F45EB8BEB8E}.Release|Any CPU.ActiveCfg = Release|Any CPU
		{A03B2B52-4CC7-463C-AA92-4F45EB8BEB8E}.Release|Any CPU.Build.0 = Release|Any CPU
	EndGlobalSection
	GlobalSection(SolutionProperties) = preSolution
		HideSolutionNode = FALSE
	EndGlobalSection
	GlobalSection(ExtensibilityGlobals) = postSolution
		SolutionGuid = {663F69CD-C6B5-486D-9FBB-898AB63FD3FB}
	EndGlobalSection
EndGlobal
